{
    "_readme": [
        "This file locks the dependencies of your project to a known state",
        "Read more about it at https://getcomposer.org/doc/01-basic-usage.md#composer-lock-the-lock-file",
        "This file is @generated automatically"
    ],
    "hash": "8b2978a1ee41696fb7d498b8200db707",
    "content-hash": "39d9a2aaad4388fc0d29a4880e66c9f4",
    "packages": [
        {
            "name": "bower-asset/bootstrap",
            "version": "v3.3.5",
            "source": {
                "type": "git",
                "url": "https://github.com/twbs/bootstrap.git",
                "reference": "16b48259a62f576e52c903c476bd42b90ab22482"
            },
            "dist": {
                "type": "zip",
                "url": "https://api.github.com/repos/twbs/bootstrap/zipball/16b48259a62f576e52c903c476bd42b90ab22482",
                "reference": "16b48259a62f576e52c903c476bd42b90ab22482",
                "shasum": ""
            },
            "require": {
                "bower-asset/jquery": ">=1.9.1"
            },
            "type": "bower-asset-library",
            "extra": {
                "bower-asset-main": [
                    "less/bootstrap.less",
                    "dist/js/bootstrap.js"
                ],
                "bower-asset-ignore": [
                    "/.*",
                    "_config.yml",
                    "CNAME",
                    "composer.json",
                    "CONTRIBUTING.md",
                    "docs",
                    "js/tests",
                    "test-infra"
                ]
            },
            "license": [
                "MIT"
            ],
            "description": "The most popular front-end framework for developing responsive, mobile first projects on the web.",
            "keywords": [
                "css",
                "framework",
                "front-end",
                "js",
                "less",
                "mobile-first",
                "responsive",
                "web"
            ]
        },
        {
            "name": "bower-asset/components-font-awesome",
            "version": "4.4.0",
            "source": {
                "type": "git",
                "url": "https://github.com/components/font-awesome.git",
                "reference": "7dffacc72e566e5db6272244effc06f64fe9f185"
            },
            "dist": {
                "type": "zip",
                "url": "https://api.github.com/repos/components/font-awesome/zipball/7dffacc72e566e5db6272244effc06f64fe9f185",
                "reference": "7dffacc72e566e5db6272244effc06f64fe9f185",
                "shasum": ""
            },
            "type": "bower-asset-library",
            "extra": {
                "bower-asset-main": [
                    "css/font-awesome.css",
                    "scss/font-awesome.scss",
                    "fonts/fontawesome-webfont.eot",
                    "fonts/fontawesome-webfont.woff",
                    "fonts/fontawesome-webfont.woff2",
                    "fonts/fontawesome-webfont.ttf",
                    "fonts/fontawesome-webfont.svg"
                ],
                "bower-asset-ignore": [
                    "Makefile",
                    "component.json",
                    "composer.json"
                ]
            },
            "license": [
                "MIT",
                "OFL-1.1"
            ],
            "description": "Font Awesome, the iconic font designed for use with Twitter Bootstrap."
        },
        {
            "name": "bower-asset/html5shiv",
            "version": "3.7.3",
            "source": {
                "type": "git",
                "url": "https://github.com/aFarkas/html5shiv.git",
                "reference": "ed28c56c071bddfe7d635ad88995674957a016be"
            },
            "dist": {
                "type": "zip",
                "url": "https://api.github.com/repos/aFarkas/html5shiv/zipball/ed28c56c071bddfe7d635ad88995674957a016be",
                "reference": "ed28c56c071bddfe7d635ad88995674957a016be",
                "shasum": ""
            },
            "type": "bower-asset-library",
            "extra": {
                "bower-asset-main": [
                    "dist/html5shiv.js"
                ],
                "bower-asset-ignore": [
                    "**/.*",
                    "composer.json",
                    "test",
                    "build",
                    "src",
                    "build.xml"
                ]
            }
        },
        {
            "name": "bower-asset/jquery",
            "version": "2.1.4",
            "source": {
                "type": "git",
                "url": "https://github.com/jquery/jquery.git",
                "reference": "7751e69b615c6eca6f783a81e292a55725af6b85"
            },
            "dist": {
                "type": "zip",
                "url": "https://api.github.com/repos/jquery/jquery/zipball/7751e69b615c6eca6f783a81e292a55725af6b85",
                "reference": "7751e69b615c6eca6f783a81e292a55725af6b85",
                "shasum": ""
            },
            "require-dev": {
                "bower-asset/qunit": "1.14.0",
                "bower-asset/requirejs": "2.1.10",
                "bower-asset/sinon": "1.8.1",
                "bower-asset/sizzle": "2.1.1-patch2"
            },
            "type": "bower-asset-library",
            "extra": {
                "bower-asset-main": "dist/jquery.js",
                "bower-asset-ignore": [
                    "**/.*",
                    "build",
                    "dist/cdn",
                    "speed",
                    "test",
                    "*.md",
                    "AUTHORS.txt",
                    "Gruntfile.js",
                    "package.json"
                ]
            },
            "license": [
                "MIT"
            ],
            "keywords": [
                "javascript",
                "jquery",
                "library"
            ]
        },
        {
            "name": "bower-asset/normalize.css",
            "version": "3.0.3",
            "source": {
                "type": "git",
                "url": "https://github.com/necolas/normalize.css.git",
                "reference": "2bdda84272650aedfb45d8abe11a6d177933a803"
            },
            "dist": {
                "type": "zip",
                "url": "https://api.github.com/repos/necolas/normalize.css/zipball/2bdda84272650aedfb45d8abe11a6d177933a803",
                "reference": "2bdda84272650aedfb45d8abe11a6d177933a803",
                "shasum": ""
            },
            "type": "bower-asset-library",
            "extra": {
                "bower-asset-main": "normalize.css",
                "bower-asset-ignore": [
                    "CHANGELOG.md",
                    "CONTRIBUTING.md",
                    "component.json",
                    "package.json",
                    "test.html"
                ]
            }
        },
        {
            "name": "bower-asset/respond",
            "version": "1.4.2",
            "source": {
                "type": "git",
                "url": "https://github.com/scottjehl/Respond.git",
                "reference": "20b7f4a192bb910c8c7e067b961de38519d334e4"
            },
            "dist": {
                "type": "zip",
                "url": "https://api.github.com/repos/scottjehl/Respond/zipball/20b7f4a192bb910c8c7e067b961de38519d334e4",
                "reference": "20b7f4a192bb910c8c7e067b961de38519d334e4",
                "shasum": ""
            },
            "type": "bower-asset-library",
            "extra": {
                "bower-asset-main": "dest/respond.src.js",
                "bower-asset-ignore": [
                    "**/.*",
                    "test"
                ]
            },
            "description": "Fast and lightweight polyfill for min/max-width CSS3 Media Queries (for IE 6-8, and more)"
        }
    ],
    "packages-dev": [],
    "aliases": [],
    "minimum-stability": "stable",
    "stability-flags": [],
    "prefer-stable": true,
    "prefer-lowest": false,
    "platform": [],
    "platform-dev": []
}
